Microsoft Visual Studio Solution File, Format Version 12.00
# Visual Studio 2012
Project("{FAE04EC0-301F-11D3-BF4B-00C04F79EFBC}") = "demo", "demo.csproj", "{DD0AF538-E957-47F7-B5E7-8ADF9C701A5B}"
EndProject
Global
	GlobalSection(SolutionConfigurationPlatforms) = preSolution
	Debug|Any CPU = Debug|Any CPU
	ExportDebug|Any CPU = ExportDebug|Any CPU
	ExportRelease|Any CPU = ExportRelease|Any CPU
	EndGlobalSection
	GlobalSection(ProjectConfigurationPlatforms) = postSolution
		{DD0AF538-E957-47F7-B5E7-8ADF9C701A5B}.Debug|Any CPU.ActiveCfg = Debug|Any CPU
		{DD0AF538-E957-47F7-B5E7-8ADF9C701A5B}.Debug|Any CPU.Build.0 = Debug|Any CPU
		{DD0AF538-E957-47F7-B5E7-8ADF9C701A5B}.ExportDebug|Any CPU.ActiveCfg = ExportDebug|Any CPU
		{DD0AF538-E957-47F7-B5E7-8ADF9C701A5B}.ExportDebug|Any CPU.Build.0 = ExportDebug|Any CPU
		{DD0AF538-E957-47F7-B5E7-8ADF9C701A5B}.ExportRelease|Any CPU.ActiveCfg = ExportRelease|Any CPU
		{DD0AF538-E957-47F7-B5E7-8ADF9C701A5B}.ExportRelease|Any CPU.Build.0 = ExportRelease|Any CPU
	EndGlobalSection
EndGlobal
